github.com/IGLOU-EU/go-wildcard v1.0.1 h1:c+fSJUP8QxS9Fyj5LT3V+sWd8XaDdsuMRBpCScrnKSA=
github.com/IGLOU-EU/go-wildcard v1.0.1/go.mod h1:ni+caI7lkwXjCtYujDMsXUfNLKnvnyKeM5P03eaPBxA=
github.com/davecgh/go-spew v1.1.1 h1:vj9j/u1bqnvCEfJOwUhtlOARqs3+rkHYY13jYWTU97c=
github.com/davecgh/go-spew v1.1.1/go.mod h1:J7Y8YcW2NihsgmVo/mv3lAwl/skON4iLHjSsI+c5H38=
github.com/jedib0t/go-pretty/v6 v6.0.5 h1:oOo0/jSb3NEYKT6l1hhFXoX2UZnkanMuCE2DVT1mqnE=
github.com/jedib0t/go-pretty/v6 v6.0.5/go.mod h1:MTr6FgcfNdnN5wPVBzJ6mhJeDyiF0yBvS2TMXEV/XSU=
github.com/lucasb-eyer/go-colorful v1.2.0 h1:1nnpGOrhyZZuNyfu1QjKiUICQ74+3FNCN69Aj6K7nkY=
github.com/lucasb-eyer/go-colorful v1.2.0/go.mod h1:R4dSotOR9KMtayYi1e77YzuveK+i7ruzyGqttikkLy0=
github.com/mattn/go-isatty v0.0.13 h1:qdl+GuBjcsKKDco5BsxPJlId98mSWNKqYA+Co0SC1yA=
github.com/mattn/go-isatty v0.0.13/go.mod h1:cbi8OIDigv2wuxKPP5vlRcQ1OAZbq2CE4Kysco4FUpU=
github.com/mattn/go-runewidth v0.0.9/go.mod h1:H031xJmbD/WCDINGzjvQ9THkh0rPKHF+m2gUSrubnMI=
github.com/mattn/go-runewidth v0.0.13 h1:lTGmDsbAYt5DmK6OnoV7EuIF1wEIFAcxld6ypU4OSgU=
github.com/mattn/go-runewidth v0.0.13/go.mod h1:Jdepj2loyihRzMpdS35Xk/zdY8IAYHsh153qUoGf23w=
github.com/muesli/termenv v0.9.0 h1:wnbOaGz+LUR3jNT0zOzinPnyDaCZUQRZj9GxK8eRVl8=
github.com/muesli/termenv v0.9.0/go.mod h1:R/LzAKf+suGs4IsO95y7+7DpFHO0KABgnZqtlyx2mBw=
github.com/pkg/profile v1.2.1/go.mod h1:hJw3o1OdXxsrSjjVksARp5W95eeEaEfptyVZyv6JUPA=
github.com/pmezard/go-difflib v1.0.0 h1:4DBwDE0NGyQoBHbLQYPwSUPoCMWR5BEzIk/f1lZbAQM=
github.com/pmezard/go-difflib v1.0.0/go.mod h1:iKH77koFhYxTK1pcRnkKkqfTogsbg7gZNVY4sRDYZ/4=
github.com/rivo/uniseg v0.2.0 h1:S1pD9weZBuJdFmowNwbpi7BJ8TNftyUImj/0WQi72jY=
github.com/rivo/uniseg v0.2.0/go.mod h1:J6wj4VEh+S6ZtnVlnTBMWIodfgj8LQOQFoIToxlJtxc=
github.com/stretchr/testify v1.2.2 h1:bSDNvY7ZPG5RlJ8otE/7V6gMiyenm9RtJ7IUVIAoJ1w=
github.com/stretchr/testify v1.2.2/go.mod h1:a8OnRcib4nhh0OaRAV+Yts87kKdq0PP7pXfy6kDkUVs=
golang.org/x/sys v0.0.0-20180816055513-1c9583448a9c/go.mod h1:STP8DvDyc/dI5b8T5hshtkjS+E42TnysNCUPdjciGhY=
golang.org/x/sys v0.0.0-20200116001909-b77594299b42/go.mod h1:h1NjWce9XRLGQEsW7wpKNCjG9DtNlClVuFLEZdDNbEs=
golang.org/x/sys v0.0.0-20201119102817-f84b799fce68/go.mod h1:h1NjWce9XRLGQEsW7wpKNCjG9DtNlClVuFLEZdDNbEs=
golang.org/x/sys v0.0.0-20210414055047-fe65e336abe0 h1:g9s1Ppvvun/fI+BptTMj909BBIcGrzQ32k9FNlcevOE=
golang.org/x/sys v0.0.0-20210414055047-fe65e336abe0/go.mod h1:h1NjWce9XRLGQEsW7wpKNCjG9DtNlClVuFLEZdDNbEs=
golang.org/x/term v0.0.0-20210406210042-72f3dc4e9b72 h1:VqE9gduFZ4dbR7XoL77lHFp0/DyDUBKSXK7CMFkVcV0=
golang.org/x/term v0.0.0-20210406210042-72f3dc4e9b72/go.mod h1:bj7SfCRtBDWHUb9snDiAeCFNEtKQo2Wmx5Cou7ajbmo=
